
Microsoft Visual Studio Solution File, Format Version 12.00
# Visual Studio Version 17
VisualStudioVersion = 17.3.32819.101
MinimumVisualStudioVersion = 10.0.40219.1
Project("{FAE04EC0-301F-11D3-BF4B-00C04F79EFBC}") = "SynelTest-13-09", "SynelTest-13-09\SynelTest-13-09.csproj", "{3EBF01E6-1D1D-4A75-8741-C955681FDD0B}"
EndProject
Global
	GlobalSection(SolutionConfigurationPlatforms) = preSolution
		Debug|Any CPU = Debug|Any CPU
		Release|Any CPU = Release|Any CPU
	EndGlobalSection
	GlobalSection(ProjectConfigurationPlatforms) = postSolution
		{3EBF01E6-1D1D-4A75-8741-C955681FDD0B}.Debug|Any CPU.ActiveCfg = Debug|Any CPU
		{3EBF01E6-1D1D-4A75-8741-C955681FDD0B}.Debug|Any CPU.Build.0 = Debug|Any CPU
		{3EBF01E6-1D1D-4A75-8741-C955681FDD0B}.Release|Any CPU.ActiveCfg = Release|Any CPU
		{3EBF01E6-1D1D-4A75-8741-C955681FDD0B}.Release|Any CPU.Build.0 = Release|Any CPU
	EndGlobalSection
	GlobalSection(SolutionProperties) = preSolution
		HideSolutionNode = FALSE
	EndGlobalSection
	GlobalSection(ExtensibilityGlobals) = postSolution
		SolutionGuid = {A8C9FAB2-8F92-4E1C-AD1F-FFDA8D336BF0}
	EndGlobalSection
EndGlobal
